// !$*UTF8*$!
{
	archiveVersion = 1;
	classes = {
	};
	objectVersion = 50;
	objects = {

/* Begin PBXBuildFile section */
		21FC9C38C994C54DDF137303 /* Pods_smack_appUITests.framework in Frameworks */ = {isa = PBXBuildFile; fileRef = 2C38A4D4FA436462447A13A6 /* Pods_smack_appUITests.framework */; };
		498B6C5B2BDFFE025C8EE30B /* Pods_smack_app.framework in Frameworks */ = {isa = PBXBuildFile; fileRef = E8F42BD25BC7D2CFF7B727CE /* Pods_smack_app.framework */; };
		760366BC210574C600017819 /* Constants.swift in Sources */ = {isa = PBXBuildFile; fileRef = 760366BB210574C600017819 /* Constants.swift */; };
		760366BE21057C6A00017819 /* LoginVC.swift in Sources */ = {isa = PBXBuildFile; fileRef = 760366BD21057C6A00017819 /* LoginVC.swift */; };
		760366C021057F2C00017819 /* CreateAccountVC.swift in Sources */ = {isa = PBXBuildFile; fileRef = 760366BF21057F2C00017819 /* CreateAccountVC.swift */; };
		760366C32105BE1300017819 /* AuthService.swift in Sources */ = {isa = PBXBuildFile; fileRef = 760366C22105BE1300017819 /* AuthService.swift */; };
		760366C52105C97000017819 /* RoundedButton.swift in Sources */ = {isa = PBXBuildFile; fileRef = 760366C42105C97000017819 /* RoundedButton.swift */; };
		760366C72105D27400017819 /* UserDataService.swift in Sources */ = {isa = PBXBuildFile; fileRef = 760366C62105D27400017819 /* UserDataService.swift */; };
		760366C92105DDD900017819 /* AvatarPickerVC.swift in Sources */ = {isa = PBXBuildFile; fileRef = 760366C82105DDD900017819 /* AvatarPickerVC.swift */; };
		760366CB2105DFB500017819 /* AvatarCell.swift in Sources */ = {isa = PBXBuildFile; fileRef = 760366CA2105DFB500017819 /* AvatarCell.swift */; };
		760366CD2106C91D00017819 /* CircleImage.swift in Sources */ = {isa = PBXBuildFile; fileRef = 760366CC2106C91D00017819 /* CircleImage.swift */; };
		767D1F352101F60F0038D421 /* SWRevealViewController.m in Sources */ = {isa = PBXBuildFile; fileRef = 767D1F332101F60F0038D421 /* SWRevealViewController.m */; };
		767D1F3A2101FABF0038D421 /* ChatVC.swift in Sources */ = {isa = PBXBuildFile; fileRef = 767D1F392101FABF0038D421 /* ChatVC.swift */; };
		767D1F3C2101FAD00038D421 /* ChannelVC.swift in Sources */ = {isa = PBXBuildFile; fileRef = 767D1F3B2101FAD00038D421 /* ChannelVC.swift */; };
		767D1F3E2101FFB30038D421 /* GradientView.swift in Sources */ = {isa = PBXBuildFile; fileRef = 767D1F3D2101FFB30038D421 /* GradientView.swift */; };
		768D5BB22101F02100B89BBF /* AppDelegate.swift in Sources */ = {isa = PBXBuildFile; fileRef = 768D5BB12101F02100B89BBF /* AppDelegate.swift */; };
		768D5BB72101F02100B89BBF /* Main.storyboard in Resources */ = {isa = PBXBuildFile; fileRef = 768D5BB52101F02100B89BBF /* Main.storyboard */; };
		768D5BB92101F02200B89BBF /* Assets.xcassets in Resources */ = {isa = PBXBuildFile; fileRef = 768D5BB82101F02200B89BBF /* Assets.xcassets */; };
		768D5BBC2101F02200B89BBF /* LaunchScreen.storyboard in Resources */ = {isa = PBXBuildFile; fileRef = 768D5BBA2101F02200B89BBF /* LaunchScreen.storyboard */; };
		768D5BC72101F02200B89BBF /* smack_appTests.swift in Sources */ = {isa = PBXBuildFile; fileRef = 768D5BC62101F02200B89BBF /* smack_appTests.swift */; };
		768D5BD22101F02200B89BBF /* smack_appUITests.swift in Sources */ = {isa = PBXBuildFile; fileRef = 768D5BD12101F02200B89BBF /* smack_appUITests.swift */; };
		76BA88DD2108499F00F817BB /* Message.swift in Sources */ = {isa = PBXBuildFile; fileRef = 76BA88DC2108499F00F817BB /* Message.swift */; };
		76BA88DF21085BDC00F817BB /* KeyboardBoundView.swift in Sources */ = {isa = PBXBuildFile; fileRef = 76BA88DE21085BDB00F817BB /* KeyboardBoundView.swift */; };
		76BA88E1210861CF00F817BB /* MessageCell.swift in Sources */ = {isa = PBXBuildFile; fileRef = 76BA88E0210861CF00F817BB /* MessageCell.swift */; };
		76C5A686210AF85E00F8D325 /* AvatarType.swift in Sources */ = {isa = PBXBuildFile; fileRef = 76C5A685210AF85E00F8D325 /* AvatarType.swift */; };
		76C5A688210B270200F8D325 /* UIVC+Extension.swift in Sources */ = {isa = PBXBuildFile; fileRef = 76C5A687210B270200F8D325 /* UIVC+Extension.swift */; };
		76D36F022106F8E000E15F67 /* ProfileVC.swift in Sources */ = {isa = PBXBuildFile; fileRef = 76D36F012106F8E000E15F67 /* ProfileVC.swift */; };
		76D36F042106F90300E15F67 /* ProfileVC.xib in Resources */ = {isa = PBXBuildFile; fileRef = 76D36F032106F90300E15F67 /* ProfileVC.xib */; };
		76D36F0721070CB100E15F67 /* MessageService.swift in Sources */ = {isa = PBXBuildFile; fileRef = 76D36F0621070CB100E15F67 /* MessageService.swift */; };
		76D36F0921070F7900E15F67 /* Channel.swift in Sources */ = {isa = PBXBuildFile; fileRef = 76D36F0821070F7900E15F67 /* Channel.swift */; };
		76D36F0B2107234A00E15F67 /* ChannelCell.swift in Sources */ = {isa = PBXBuildFile; fileRef = 76D36F0A2107234A00E15F67 /* ChannelCell.swift */; };
		76D36F0E21072D2000E15F67 /* AddChannelVC.swift in Sources */ = {isa = PBXBuildFile; fileRef = 76D36F0C21072D2000E15F67 /* AddChannelVC.swift */; };
		76D36F0F21072D2000E15F67 /* AddChannelVC.xib in Resources */ = {isa = PBXBuildFile; fileRef = 76D36F0D21072D2000E15F67 /* AddChannelVC.xib */; };
		76D36F4B2108157100E15F67 /* SocketService.swift in Sources */ = {isa = PBXBuildFile; fileRef = 76D36F4A2108157100E15F67 /* SocketService.swift */; };
		8C8A7A172F2D1DC270E67ED6 /* Pods_smack_appTests.framework in Frameworks */ = {isa = PBXBuildFile; fileRef = 5CA5C821C4A5F53E4578C51E /* Pods_smack_appTests.framework */; };
/* End PBXBuildFile section */

/* Begin PBXContainerItemProxy section */
		768D5BC32101F02200B89BBF /* PBXContainerItemProxy */ = {
			isa = PBXContainerItemProxy;
			containerPortal = 768D5BA62101F02100B89BBF /* Project object */;
			proxyType = 1;
			remoteGlobalIDString = 768D5BAD2101F02100B89BBF;
			remoteInfo = "smack-app";
		};
		768D5BCE2101F02200B89BBF /* PBXContainerItemProxy */ = {
			isa = PBXContainerItemProxy;
			containerPortal = 768D5BA62101F02100B89BBF /* Project object */;
			proxyType = 1;
			remoteGlobalIDString = 768D5BAD2101F02100B89BBF;
			remoteInfo = "smack-app";
		};
/* End PBXContainerItemProxy section */

/* Begin PBXFileReference section */
		2C38A4D4FA436462447A13A6 /* Pods_smack_appUITests.framework */ = {isa = PBXFileReference; explicitFileType = wrapper.framework; includeInIndex = 0; path = Pods_smack_appUITests.framework; sourceTree = BUILT_PRODUCTS_DIR; };
		40456E2D45B2E6FBD18CA7B1 /* Pods-smack-app.release.xcconfig */ = {isa = PBXFileReference; includeInIndex = 1; lastKnownFileType = text.xcconfig; name = "Pods-smack-app.release.xcconfig"; path = "Pods/Target Support Files/Pods-smack-app/Pods-smack-app.release.xcconfig"; sourceTree = "<group>"; };
		4C5BC982A19DBA8A8B7115DF /* Pods-smack-appUITests.debug.xcconfig */ = {isa = PBXFileReference; includeInIndex = 1; lastKnownFileType = text.xcconfig; name = "Pods-smack-appUITests.debug.xcconfig"; path = "Pods/Target Support Files/Pods-smack-appUITests/Pods-smack-appUITests.debug.xcconfig"; sourceTree = "<group>"; };
		4EC441363DEC8B522E8BA96A /* Pods-smack-app.debug.xcconfig */ = {isa = PBXFileReference; includeInIndex = 1; lastKnownFileType = text.xcconfig; name = "Pods-smack-app.debug.xcconfig"; path = "Pods/Target Support Files/Pods-smack-app/Pods-smack-app.debug.xcconfig"; sourceTree = "<group>"; };
		5CA5C821C4A5F53E4578C51E /* Pods_smack_appTests.framework */ = {isa = PBXFileReference; explicitFileType = wrapper.framework; includeInIndex = 0; path = Pods_smack_appTests.framework; sourceTree = BUILT_PRODUCTS_DIR; };
		760366BB210574C600017819 /* Constants.swift */ = {isa = PBXFileReference; lastKnownFileType = sourcecode.swift; path = Constants.swift; sourceTree = "<group>"; };
		760366BD21057C6A00017819 /* LoginVC.swift */ = {isa = PBXFileReference; lastKnownFileType = sourcecode.swift; path = LoginVC.swift; sourceTree = "<group>"; };
		760366BF21057F2C00017819 /* CreateAccountVC.swift */ = {isa = PBXFileReference; lastKnownFileType = sourcecode.swift; path = CreateAccountVC.swift; sourceTree = "<group>"; };
		760366C22105BE1300017819 /* AuthService.swift */ = {isa = PBXFileReference; lastKnownFileType = sourcecode.swift; path = AuthService.swift; sourceTree = "<group>"; };
		760366C42105C97000017819 /* RoundedButton.swift */ = {isa = PBXFileReference; lastKnownFileType = sourcecode.swift; path = RoundedButton.swift; sourceTree = "<group>"; };
		760366C62105D27400017819 /* UserDataService.swift */ = {isa = PBXFileReference; lastKnownFileType = sourcecode.swift; path = UserDataService.swift; sourceTree = "<group>"; };
		760366C82105DDD900017819 /* AvatarPickerVC.swift */ = {isa = PBXFileReference; lastKnownFileType = sourcecode.swift; path = AvatarPickerVC.swift; sourceTree = "<group>"; };
		760366CA2105DFB500017819 /* AvatarCell.swift */ = {isa = PBXFileReference; lastKnownFileType = sourcecode.swift; path = AvatarCell.swift; sourceTree = "<group>"; };
		760366CC2106C91D00017819 /* CircleImage.swift */ = {isa = PBXFileReference; lastKnownFileType = sourcecode.swift; path = CircleImage.swift; sourceTree = "<group>"; };
		767D1F322101F60E0038D421 /* smack-app-Bridging-Header.h */ = {isa = PBXFileReference; lastKnownFileType = sourcecode.c.h; path = "smack-app-Bridging-Header.h"; sourceTree = "<group>"; };
		767D1F332101F60F0038D421 /* SWRevealViewController.m */ = {isa = PBXFileReference; fileEncoding = 4; lastKnownFileType = sourcecode.c.objc; path = SWRevealViewController.m; sourceTree = "<group>"; };
		767D1F342101F60F0038D421 /* SWRevealViewController.h */ = {isa = PBXFileReference; fileEncoding = 4; lastKnownFileType = sourcecode.c.h; path = SWRevealViewController.h; sourceTree = "<group>"; };
		767D1F392101FABF0038D421 /* ChatVC.swift */ = {isa = PBXFileReference; lastKnownFileType = sourcecode.swift; path = ChatVC.swift; sourceTree = "<group>"; };
		767D1F3B2101FAD00038D421 /* ChannelVC.swift */ = {isa = PBXFileReference; lastKnownFileType = sourcecode.swift; path = ChannelVC.swift; sourceTree = "<group>"; };
		767D1F3D2101FFB30038D421 /* GradientView.swift */ = {isa = PBXFileReference; lastKnownFileType = sourcecode.swift; path = GradientView.swift; sourceTree = "<group>"; };
		768D5BAE2101F02100B89BBF /* smack-app.app */ = {isa = PBXFileReference; explicitFileType = wrapper.application; includeInIndex = 0; path = "smack-app.app"; sourceTree = BUILT_PRODUCTS_DIR; };
		768D5BB12101F02100B89BBF /* AppDelegate.swift */ = {isa = PBXFileReference; lastKnownFileType = sourcecode.swift; path = AppDelegate.swift; sourceTree = "<group>"; };
		768D5BB62101F02100B89BBF /* Base */ = {isa = PBXFileReference; lastKnownFileType = file.storyboard; name = Base; path = Base.lproj/Main.storyboard; sourceTree = "<group>"; };
		768D5BB82101F02200B89BBF /* Assets.xcassets */ = {isa = PBXFileReference; lastKnownFileType = folder.assetcatalog; path = Assets.xcassets; sourceTree = "<group>"; };
		768D5BBB2101F02200B89BBF /* Base */ = {isa = PBXFileReference; lastKnownFileType = file.storyboard; name = Base; path = Base.lproj/LaunchScreen.storyboard; sourceTree = "<group>"; };
		768D5BBD2101F02200B89BBF /* Info.plist */ = {isa = PBXFileReference; lastKnownFileType = text.plist.xml; path = Info.plist; sourceTree = "<group>"; };
		768D5BC22101F02200B89BBF /* smack-appTests.xctest */ = {isa = PBXFileReference; explicitFileType = wrapper.cfbundle; includeInIndex = 0; path = "smack-appTests.xctest"; sourceTree = BUILT_PRODUCTS_DIR; };
		768D5BC62101F02200B89BBF /* smack_appTests.swift */ = {isa = PBXFileReference; lastKnownFileType = sourcecode.swift; path = smack_appTests.swift; sourceTree = "<group>"; };
		768D5BC82101F02200B89BBF /* Info.plist */ = {isa = PBXFileReference; lastKnownFileType = text.plist.xml; path = Info.plist; sourceTree = "<group>"; };
		768D5BCD2101F02200B89BBF /* smack-appUITests.xctest */ = {isa = PBXFileReference; explicitFileType = wrapper.cfbundle; includeInIndex = 0; path = "smack-appUITests.xctest"; sourceTree = BUILT_PRODUCTS_DIR; };
		768D5BD12101F02200B89BBF /* smack_appUITests.swift */ = {isa = PBXFileReference; lastKnownFileType = sourcecode.swift; path = smack_appUITests.swift; sourceTree = "<group>"; };
		768D5BD32101F02200B89BBF /* Info.plist */ = {isa = PBXFileReference; lastKnownFileType = text.plist.xml; path = Info.plist; sourceTree = "<group>"; };
		76BA88DC2108499F00F817BB /* Message.swift */ = {isa = PBXFileReference; lastKnownFileType = sourcecode.swift; path = Message.swift; sourceTree = "<group>"; };
		76BA88DE21085BDB00F817BB /* KeyboardBoundView.swift */ = {isa = PBXFileReference; fileEncoding = 4; lastKnownFileType = sourcecode.swift; path = KeyboardBoundView.swift; sourceTree = "<group>"; };
		76BA88E0210861CF00F817BB /* MessageCell.swift */ = {isa = PBXFileReference; lastKnownFileType = sourcecode.swift; path = MessageCell.swift; sourceTree = "<group>"; };
		76C5A685210AF85E00F8D325 /* AvatarType.swift */ = {isa = PBXFileReference; lastKnownFileType = sourcecode.swift; path = AvatarType.swift; sourceTree = "<group>"; };
		76C5A687210B270200F8D325 /* UIVC+Extension.swift */ = {isa = PBXFileReference; lastKnownFileType = sourcecode.swift; path = "UIVC+Extension.swift"; sourceTree = "<group>"; };
		76D36F012106F8E000E15F67 /* ProfileVC.swift */ = {isa = PBXFileReference; lastKnownFileType = sourcecode.swift; path = ProfileVC.swift; sourceTree = "<group>"; };
		76D36F032106F90300E15F67 /* ProfileVC.xib */ = {isa = PBXFileReference; lastKnownFileType = file.xib; path = ProfileVC.xib; sourceTree = "<group>"; };
		76D36F0621070CB100E15F67 /* MessageService.swift */ = {isa = PBXFileReference; lastKnownFileType = sourcecode.swift; path = MessageService.swift; sourceTree = "<group>"; };
		76D36F0821070F7900E15F67 /* Channel.swift */ = {isa = PBXFileReference; lastKnownFileType = sourcecode.swift; path = Channel.swift; sourceTree = "<group>"; };
		76D36F0A2107234A00E15F67 /* ChannelCell.swift */ = {isa = PBXFileReference; lastKnownFileType = sourcecode.swift; path = ChannelCell.swift; sourceTree = "<group>"; };
		76D36F0C21072D2000E15F67 /* AddChannelVC.swift */ = {isa = PBXFileReference; lastKnownFileType = sourcecode.swift; path = AddChannelVC.swift; sourceTree = "<group>"; };
		76D36F0D21072D2000E15F67 /* AddChannelVC.xib */ = {isa = PBXFileReference; lastKnownFileType = file.xib; path = AddChannelVC.xib; sourceTree = "<group>"; };
		76D36F4A2108157100E15F67 /* SocketService.swift */ = {isa = PBXFileReference; lastKnownFileType = sourcecode.swift; path = SocketService.swift; sourceTree = "<group>"; };
		E33DFCBB50CF39CADC152D8D /* Pods-smack-appTests.release.xcconfig */ = {isa = PBXFileReference; includeInIndex = 1; lastKnownFileType = text.xcconfig; name = "Pods-smack-appTests.release.xcconfig"; path = "Pods/Target Support Files/Pods-smack-appTests/Pods-smack-appTests.release.xcconfig"; sourceTree = "<group>"; };
		E5E8E84D488C6F5D83B264BF /* Pods-smack-appUITests.release.xcconfig */ = {isa = PBXFileReference; includeInIndex = 1; lastKnownFileType = text.xcconfig; name = "Pods-smack-appUITests.release.xcconfig"; path = "Pods/Target Support Files/Pods-smack-appUITests/Pods-smack-appUITests.release.xcconfig"; sourceTree = "<group>"; };
		E8F42BD25BC7D2CFF7B727CE /* Pods_smack_app.framework */ = {isa = PBXFileReference; explicitFileType = wrapper.framework; includeInIndex = 0; path = Pods_smack_app.framework; sourceTree = BUILT_PRODUCTS_DIR; };
		EBF81FBD20384ECAB6A62D15 /* Pods-smack-appTests.debug.xcconfig */ = {isa = PBXFileReference; includeInIndex = 1; lastKnownFileType = text.xcconfig; name = "Pods-smack-appTests.debug.xcconfig"; path = "Pods/Target Support Files/Pods-smack-appTests/Pods-smack-appTests.debug.xcconfig"; sourceTree = "<group>"; };
/* End PBXFileReference section */

/* Begin PBXFrameworksBuildPhase section */
		768D5BAB2101F02100B89BBF /* Frameworks */ = {
			isa = PBXFrameworksBuildPhase;
			buildActionMask = 2147483647;
			files = (
				498B6C5B2BDFFE025C8EE30B /* Pods_smack_app.framework in Frameworks */,
			);
			runOnlyForDeploymentPostprocessing = 0;
		};
		768D5BBF2101F02200B89BBF /* Frameworks */ = {
			isa = PBXFrameworksBuildPhase;
			buildActionMask = 2147483647;
			files = (
				8C8A7A172F2D1DC270E67ED6 /* Pods_smack_appTests.framework in Frameworks */,
			);
			runOnlyForDeploymentPostprocessing = 0;
		};
		768D5BCA2101F02200B89BBF /* Frameworks */ = {
			isa = PBXFrameworksBuildPhase;
			buildActionMask = 2147483647;
			files = (
				21FC9C38C994C54DDF137303 /* Pods_smack_appUITests.framework in Frameworks */,
			);
			runOnlyForDeploymentPostprocessing = 0;
		};
/* End PBXFrameworksBuildPhase section */

/* Begin PBXGroup section */
		2B265BCE86B1C20EB20A4CAA /* Frameworks */ = {
			isa = PBXGroup;
			children = (
				E8F42BD25BC7D2CFF7B727CE /* Pods_smack_app.framework */,
				5CA5C821C4A5F53E4578C51E /* Pods_smack_appTests.framework */,
				2C38A4D4FA436462447A13A6 /* Pods_smack_appUITests.framework */,
			);
			name = Frameworks;
			sourceTree = "<group>";
		};
		760366BA2105749F00017819 /* Utilities */ = {
			isa = PBXGroup;
			children = (
				760366BB210574C600017819 /* Constants.swift */,
				76C5A685210AF85E00F8D325 /* AvatarType.swift */,
				76C5A687210B270200F8D325 /* UIVC+Extension.swift */,
			);
			path = Utilities;
			sourceTree = "<group>";
		};
		760366C12105BDEF00017819 /* Services */ = {
			isa = PBXGroup;
			children = (
				760366C22105BE1300017819 /* AuthService.swift */,
				760366C62105D27400017819 /* UserDataService.swift */,
				76D36F0621070CB100E15F67 /* MessageService.swift */,
				76D36F4A2108157100E15F67 /* SocketService.swift */,
			);
			path = Services;
			sourceTree = "<group>";
		};
		767D1F312101F5CC0038D421 /* Supporting Files */ = {
			isa = PBXGroup;
			children = (
				767D1F342101F60F0038D421 /* SWRevealViewController.h */,
				767D1F332101F60F0038D421 /* SWRevealViewController.m */,
				767D1F322101F60E0038D421 /* smack-app-Bridging-Header.h */,
			);
			path = "Supporting Files";
			sourceTree = "<group>";
		};
		767D1F362101FA840038D421 /* Controller */ = {
			isa = PBXGroup;
			children = (
				767D1F392101FABF0038D421 /* ChatVC.swift */,
				767D1F3B2101FAD00038D421 /* ChannelVC.swift */,
				760366BD21057C6A00017819 /* LoginVC.swift */,
				760366BF21057F2C00017819 /* CreateAccountVC.swift */,
				760366C82105DDD900017819 /* AvatarPickerVC.swift */,
				76D36F012106F8E000E15F67 /* ProfileVC.swift */,
				76D36F0C21072D2000E15F67 /* AddChannelVC.swift */,
			);
			path = Controller;
			sourceTree = "<group>";
		};
		767D1F372101FA8E0038D421 /* View */ = {
			isa = PBXGroup;
			children = (
				767D1F3D2101FFB30038D421 /* GradientView.swift */,
				760366C42105C97000017819 /* RoundedButton.swift */,
				760366CA2105DFB500017819 /* AvatarCell.swift */,
				760366CC2106C91D00017819 /* CircleImage.swift */,
				76D36F0A2107234A00E15F67 /* ChannelCell.swift */,
				76BA88DE21085BDB00F817BB /* KeyboardBoundView.swift */,
				76BA88E0210861CF00F817BB /* MessageCell.swift */,
			);
			path = View;
			sourceTree = "<group>";
		};
		767D1F382101FA930038D421 /* Model */ = {
			isa = PBXGroup;
			children = (
				76D36F0821070F7900E15F67 /* Channel.swift */,
				76BA88DC2108499F00F817BB /* Message.swift */,
			);
			path = Model;
			sourceTree = "<group>";
		};
		768D5BA52101F02100B89BBF = {
			isa = PBXGroup;
			children = (
				768D5BB02101F02100B89BBF /* smack-app */,
				768D5BC52101F02200B89BBF /* smack-appTests */,
				768D5BD02101F02200B89BBF /* smack-appUITests */,
				768D5BAF2101F02100B89BBF /* Products */,
				78BC79FCCB65DE0E4D990E5A /* Pods */,
				2B265BCE86B1C20EB20A4CAA /* Frameworks */,
			);
			sourceTree = "<group>";
		};
		768D5BAF2101F02100B89BBF /* Products */ = {
			isa = PBXGroup;
			children = (
				768D5BAE2101F02100B89BBF /* smack-app.app */,
				768D5BC22101F02200B89BBF /* smack-appTests.xctest */,
				768D5BCD2101F02200B89BBF /* smack-appUITests.xctest */,
			);
			name = Products;
			sourceTree = "<group>";
		};
		768D5BB02101F02100B89BBF /* smack-app */ = {
			isa = PBXGroup;
			children = (
				76D36F052106F92800E15F67 /* XIBs */,
				760366C12105BDEF00017819 /* Services */,
				760366BA2105749F00017819 /* Utilities */,
				767D1F382101FA930038D421 /* Model */,
				767D1F372101FA8E0038D421 /* View */,
				767D1F362101FA840038D421 /* Controller */,
				767D1F312101F5CC0038D421 /* Supporting Files */,
				768D5BB12101F02100B89BBF /* AppDelegate.swift */,
				768D5BB52101F02100B89BBF /* Main.storyboard */,
				768D5BB82101F02200B89BBF /* Assets.xcassets */,
				768D5BBA2101F02200B89BBF /* LaunchScreen.storyboard */,
				768D5BBD2101F02200B89BBF /* Info.plist */,
			);
			path = "smack-app";
			sourceTree = "<group>";
		};
		768D5BC52101F02200B89BBF /* smack-appTests */ = {
			isa = PBXGroup;
			children = (
				768D5BC62101F02200B89BBF /* smack_appTests.swift */,
				768D5BC82101F02200B89BBF /* Info.plist */,
			);
			path = "smack-appTests";
			sourceTree = "<group>";
		};
		768D5BD02101F02200B89BBF /* smack-appUITests */ = {
			isa = PBXGroup;
			children = (
				768D5BD12101F02200B89BBF /* smack_appUITests.swift */,
				768D5BD32101F02200B89BBF /* Info.plist */,
			);
			path = "smack-appUITests";
			sourceTree = "<group>";
		};
		76D36F052106F92800E15F67 /* XIBs */ = {
			isa = PBXGroup;
			children = (
				76D36F032106F90300E15F67 /* ProfileVC.xib */,
				76D36F0D21072D2000E15F67 /* AddChannelVC.xib */,
			);
			path = XIBs;
			sourceTree = "<group>";
		};
		78BC79FCCB65DE0E4D990E5A /* Pods */ = {
			isa = PBXGroup;
			children = (
				4EC441363DEC8B522E8BA96A /* Pods-smack-app.debug.xcconfig */,
				40456E2D45B2E6FBD18CA7B1 /* Pods-smack-app.release.xcconfig */,
				EBF81FBD20384ECAB6A62D15 /* Pods-smack-appTests.debug.xcconfig */,
				E33DFCBB50CF39CADC152D8D /* Pods-smack-appTests.release.xcconfig */,
				4C5BC982A19DBA8A8B7115DF /* Pods-smack-appUITests.debug.xcconfig */,
				E5E8E84D488C6F5D83B264BF /* Pods-smack-appUITests.release.xcconfig */,
			);
			name = Pods;
			sourceTree = "<group>";
		};
/* End PBXGroup section */

/* Begin PBXNativeTarget section */
		768D5BAD2101F02100B89BBF /* smack-app */ = {
			isa = PBXNativeTarget;
			buildConfigurationList = 768D5BD62101F02200B89BBF /* Build configuration list for PBXNativeTarget "smack-app" */;
			buildPhases = (
				22AB0BAE007D0AE5B082463F /* [CP] Check Pods Manifest.lock */,
				768D5BAA2101F02100B89BBF /* Sources */,
				768D5BAB2101F02100B89BBF /* Frameworks */,
				768D5BAC2101F02100B89BBF /* Resources */,
				B9BF08C28A6C2B9E6216FAC4 /* [CP] Embed Pods Frameworks */,
			);
			buildRules = (
			);
			dependencies = (
			);
			name = "smack-app";
			productName = "smack-app";
			productReference = 768D5BAE2101F02100B89BBF /* smack-app.app */;
			productType = "com.apple.product-type.application";
		};
		768D5BC12101F02200B89BBF /* smack-appTests */ = {
			isa = PBXNativeTarget;
			buildConfigurationList = 768D5BD92101F02200B89BBF /* Build configuration list for PBXNativeTarget "smack-appTests" */;
			buildPhases = (
				A1AB23609353A19432433A3B /* [CP] Check Pods Manifest.lock */,
				768D5BBE2101F02200B89BBF /* Sources */,
				768D5BBF2101F02200B89BBF /* Frameworks */,
				768D5BC02101F02200B89BBF /* Resources */,
			);
			buildRules = (
			);
			dependencies = (
				768D5BC42101F02200B89BBF /* PBXTargetDependency */,
			);
			name = "smack-appTests";
			productName = "smack-appTests";
			productReference = 768D5BC22101F02200B89BBF /* smack-appTests.xctest */;
			productType = "com.apple.product-type.bundle.unit-test";
		};
		768D5BCC2101F02200B89BBF /* smack-appUITests */ = {
			isa = PBXNativeTarget;
			buildConfigurationList = 768D5BDC2101F02200B89BBF /* Build configuration list for PBXNativeTarget "smack-appUITests" */;
			buildPhases = (
				DDE006AFA30E2FD8A276EE0C /* [CP] Check Pods Manifest.lock */,
				768D5BC92101F02200B89BBF /* Sources */,
				768D5BCA2101F02200B89BBF /* Frameworks */,
				768D5BCB2101F02200B89BBF /* Resources */,
			);
			buildRules = (
			);
			dependencies = (
				768D5BCF2101F02200B89BBF /* PBXTargetDependency */,
			);
			name = "smack-appUITests";
			productName = "smack-appUITests";
			productReference = 768D5BCD2101F02200B89BBF /* smack-appUITests.xctest */;
			productType = "com.apple.product-type.bundle.ui-testing";
		};
/* End PBXNativeTarget section */

/* Begin PBXProject section */
		768D5BA62101F02100B89BBF /* Project object */ = {
			isa = PBXProject;
			attributes = {
				LastSwiftUpdateCheck = 0940;
				LastUpgradeCheck = 0940;
				ORGANIZATIONNAME = "Jemimah Beryl M. Sai";
				TargetAttributes = {
					768D5BAD2101F02100B89BBF = {
						CreatedOnToolsVersion = 9.4.1;
						LastSwiftMigration = 0940;
					};
					768D5BC12101F02200B89BBF = {
						CreatedOnToolsVersion = 9.4.1;
						TestTargetID = 768D5BAD2101F02100B89BBF;
					};
					768D5BCC2101F02200B89BBF = {
						CreatedOnToolsVersion = 9.4.1;
						TestTargetID = 768D5BAD2101F02100B89BBF;
					};
				};
			};
			buildConfigurationList = 768D5BA92101F02100B89BBF /* Build configuration list for PBXProject "smack-app" */;
			compatibilityVersion = "Xcode 9.3";
			developmentRegion = en;
			hasScannedForEncodings = 0;
			knownRegions = (
				en,
				Base,
			);
			mainGroup = 768D5BA52101F02100B89BBF;
			productRefGroup = 768D5BAF2101F02100B89BBF /* Products */;
			projectDirPath = "";
			projectRoot = "";
			targets = (
				768D5BAD2101F02100B89BBF /* smack-app */,
				768D5BC12101F02200B89BBF /* smack-appTests */,
				768D5BCC2101F02200B89BBF /* smack-appUITests */,
			);
		};
/* End PBXProject section */

/* Begin PBXResourcesBuildPhase section */
		768D5BAC2101F02100B89BBF /* Resources */ = {
			isa = PBXResourcesBuildPhase;
			buildActionMask = 2147483647;
			files = (
				76D36F0F21072D2000E15F67 /* AddChannelVC.xib in Resources */,
				76D36F042106F90300E15F67 /* ProfileVC.xib in Resources */,
				768D5BBC2101F02200B89BBF /* LaunchScreen.storyboard in Resources */,
				768D5BB92101F02200B89BBF /* Assets.xcassets in Resources */,
				768D5BB72101F02100B89BBF /* Main.storyboard in Resources */,
			);
			runOnlyForDeploymentPostprocessing = 0;
		};
		768D5BC02101F02200B89BBF /* Resources */ = {
			isa = PBXResourcesBuildPhase;
			buildActionMask = 2147483647;
			files = (
			);
			runOnlyForDeploymentPostprocessing = 0;
		};
		768D5BCB2101F02200B89BBF /* Resources */ = {
			isa = PBXResourcesBuildPhase;
			buildActionMask = 2147483647;
			files = (
			);
			runOnlyForDeploymentPostprocessing = 0;
		};
/* End PBXResourcesBuildPhase section */

/* Begin PBXShellScriptBuildPhase section */
		22AB0BAE007D0AE5B082463F /* [CP] Check Pods Manifest.lock */ = {
			isa = PBXShellScriptBuildPhase;
			buildActionMask = 2147483647;
			files = (
			);
			inputPaths = (
				"${PODS_PODFILE_DIR_PATH}/Podfile.lock",
				"${PODS_ROOT}/Manifest.lock",
			);
			name = "[CP] Check Pods Manifest.lock";
			outputPaths = (
				"$(DERIVED_FILE_DIR)/Pods-smack-app-checkManifestLockResult.txt",
			);
			runOnlyForDeploymentPostprocessing = 0;
			shellPath = /bin/sh;
			shellScript = "diff \"${PODS_PODFILE_DIR_PATH}/Podfile.lock\" \"${PODS_ROOT}/Manifest.lock\" > /dev/null\nif [ $? != 0 ] ; then\n    # print error to STDERR\n    echo \"error: The sandbox is not in sync with the Podfile.lock. Run 'pod install' or update your CocoaPods installation.\" >&2\n    exit 1\nfi\n# This output is used by Xcode 'outputs' to avoid re-running this script phase.\necho \"SUCCESS\" > \"${SCRIPT_OUTPUT_FILE_0}\"\n";
			showEnvVarsInLog = 0;
		};
		A1AB23609353A19432433A3B /* [CP] Check Pods Manifest.lock */ = {
			isa = PBXShellScriptBuildPhase;
			buildActionMask = 2147483647;
			files = (
			);
			inputPaths = (
				"${PODS_PODFILE_DIR_PATH}/Podfile.lock",
				"${PODS_ROOT}/Manifest.lock",
			);
			name = "[CP] Check Pods Manifest.lock";
			outputPaths = (
				"$(DERIVED_FILE_DIR)/Pods-smack-appTests-checkManifestLockResult.txt",
			);
			runOnlyForDeploymentPostprocessing = 0;
			shellPath = /bin/sh;
			shellScript = "diff \"${PODS_PODFILE_DIR_PATH}/Podfile.lock\" \"${PODS_ROOT}/Manifest.lock\" > /dev/null\nif [ $? != 0 ] ; then\n    # print error to STDERR\n    echo \"error: The sandbox is not in sync with the Podfile.lock. Run 'pod install' or update your CocoaPods installation.\" >&2\n    exit 1\nfi\n# This output is used by Xcode 'outputs' to avoid re-running this script phase.\necho \"SUCCESS\" > \"${SCRIPT_OUTPUT_FILE_0}\"\n";
			showEnvVarsInLog = 0;
		};
		B9BF08C28A6C2B9E6216FAC4 /* [CP] Embed Pods Frameworks */ = {
			isa = PBXShellScriptBuildPhase;
			buildActionMask = 2147483647;
			files = (
			);
			inputPaths = (
				"${SRCROOT}/Pods/Target Support Files/Pods-smack-app/Pods-smack-app-frameworks.sh",
				"${BUILT_PRODUCTS_DIR}/Alamofire/Alamofire.framework",
				"${BUILT_PRODUCTS_DIR}/Socket.IO-Client-Swift/SocketIO.framework",
				"${BUILT_PRODUCTS_DIR}/Starscream/Starscream.framework",
				"${BUILT_PRODUCTS_DIR}/SwiftyJSON/SwiftyJSON.framework",
			);
			name = "[CP] Embed Pods Frameworks";
			outputPaths = (
				"${TARGET_BUILD_DIR}/${FRAMEWORKS_FOLDER_PATH}/Alamofire.framework",
				"${TARGET_BUILD_DIR}/${FRAMEWORKS_FOLDER_PATH}/SocketIO.framework",
				"${TARGET_BUILD_DIR}/${FRAMEWORKS_FOLDER_PATH}/Starscream.framework",
				"${TARGET_BUILD_DIR}/${FRAMEWORKS_FOLDER_PATH}/SwiftyJSON.framework",
			);
			runOnlyForDeploymentPostprocessing = 0;
			shellPath = /bin/sh;
			shellScript = "\"${SRCROOT}/Pods/Target Support Files/Pods-smack-app/Pods-smack-app-frameworks.sh\"\n";
			showEnvVarsInLog = 0;
		};
		DDE006AFA30E2FD8A276EE0C /* [CP] Check Pods Manifest.lock */ = {
			isa = PBXShellScriptBuildPhase;
			buildActionMask = 2147483647;
			files = (
			);
			inputPaths = (
				"${PODS_PODFILE_DIR_PATH}/Podfile.lock",
				"${PODS_ROOT}/Manifest.lock",
			);
			name = "[CP] Check Pods Manifest.lock";
			outputPaths = (
				"$(DERIVED_FILE_DIR)/Pods-smack-appUITests-checkManifestLockResult.txt",
			);
			runOnlyForDeploymentPostprocessing = 0;
			shellPath = /bin/sh;
			shellScript = "diff \"${PODS_PODFILE_DIR_PATH}/Podfile.lock\" \"${PODS_ROOT}/Manifest.lock\" > /dev/null\nif [ $? != 0 ] ; then\n    # print error to STDERR\n    echo \"error: The sandbox is not in sync with the Podfile.lock. Run 'pod install' or update your CocoaPods installation.\" >&2\n    exit 1\nfi\n# This output is used by Xcode 'outputs' to avoid re-running this script phase.\necho \"SUCCESS\" > \"${SCRIPT_OUTPUT_FILE_0}\"\n";
			showEnvVarsInLog = 0;
		};
/* End PBXShellScriptBuildPhase section */

/* Begin PBXSourcesBuildPhase section */
		768D5BAA2101F02100B89BBF /* Sources */ = {
			isa = PBXSourcesBuildPhase;
			buildActionMask = 2147483647;
			files = (
				76BA88DF21085BDC00F817BB /* KeyboardBoundView.swift in Sources */,
				76D36F4B2108157100E15F67 /* SocketService.swift in Sources */,
				76D36F022106F8E000E15F67 /* ProfileVC.swift in Sources */,
				76D36F0B2107234A00E15F67 /* ChannelCell.swift in Sources */,
				767D1F3C2101FAD00038D421 /* ChannelVC.swift in Sources */,
				76D36F0921070F7900E15F67 /* Channel.swift in Sources */,
				76BA88E1210861CF00F817BB /* MessageCell.swift in Sources */,
				760366C92105DDD900017819 /* AvatarPickerVC.swift in Sources */,
				76BA88DD2108499F00F817BB /* Message.swift in Sources */,
				760366C52105C97000017819 /* RoundedButton.swift in Sources */,
				760366CD2106C91D00017819 /* CircleImage.swift in Sources */,
				76D36F0721070CB100E15F67 /* MessageService.swift in Sources */,
				76C5A686210AF85E00F8D325 /* AvatarType.swift in Sources */,
				76C5A688210B270200F8D325 /* UIVC+Extension.swift in Sources */,
				767D1F3A2101FABF0038D421 /* ChatVC.swift in Sources */,
				760366C72105D27400017819 /* UserDataService.swift in Sources */,
				760366C021057F2C00017819 /* CreateAccountVC.swift in Sources */,
				760366C32105BE1300017819 /* AuthService.swift in Sources */,
				760366BE21057C6A00017819 /* LoginVC.swift in Sources */,
				76D36F0E21072D2000E15F67 /* AddChannelVC.swift in Sources */,
				767D1F3E2101FFB30038D421 /* GradientView.swift in Sources */,
				760366CB2105DFB500017819 /* AvatarCell.swift in Sources */,
				768D5BB22101F02100B89BBF /* AppDelegate.swift in Sources */,
				767D1F352101F60F0038D421 /* SWRevealViewController.m in Sources */,
				760366BC210574C600017819 /* Constants.swift in Sources */,
			);
			runOnlyForDeploymentPostprocessing = 0;
		};
		768D5BBE2101F02200B89BBF /* Sources */ = {
			isa = PBXSourcesBuildPhase;
			buildActionMask = 2147483647;
			files = (
				768D5BC72101F02200B89BBF /* smack_appTests.swift in Sources */,
			);
			runOnlyForDeploymentPostprocessing = 0;
		};
		768D5BC92101F02200B89BBF /* Sources */ = {
			isa = PBXSourcesBuildPhase;
			buildActionMask = 2147483647;
			files = (
				768D5BD22101F02200B89BBF /* smack_appUITests.swift in Sources */,
			);
			runOnlyForDeploymentPostprocessing = 0;
		};
/* End PBXSourcesBuildPhase section */

/* Begin PBXTargetDependency section */
		768D5BC42101F02200B89BBF /* PBXTargetDependency */ = {
			isa = PBXTargetDependency;
			target = 768D5BAD2101F02100B89BBF /* smack-app */;
			targetProxy = 768D5BC32101F02200B89BBF /* PBXContainerItemProxy */;
		};
		768D5BCF2101F02200B89BBF /* PBXTargetDependency */ = {
			isa = PBXTargetDependency;
			target = 768D5BAD2101F02100B89BBF /* smack-app */;
			targetProxy = 768D5BCE2101F02200B89BBF /* PBXContainerItemProxy */;
		};
/* End PBXTargetDependency section */

/* Begin PBXVariantGroup section */
		768D5BB52101F02100B89BBF /* Main.storyboard */ = {
			isa = PBXVariantGroup;
			children = (
				768D5BB62101F02100B89BBF /* Base */,
			);
			name = Main.storyboard;
			sourceTree = "<group>";
		};
		768D5BBA2101F02200B89BBF /* LaunchScreen.storyboard */ = {
			isa = PBXVariantGroup;
			children = (
				768D5BBB2101F02200B89BBF /* Base */,
			);
			name = LaunchScreen.storyboard;
			sourceTree = "<group>";
		};
/* End PBXVariantGroup section */

/* Begin XCBuildConfiguration section */
		768D5BD42101F02200B89BBF /* Debug */ = {
			isa = XCBuildConfiguration;
			buildSettings = {
				ALWAYS_SEARCH_USER_PATHS = NO;
				CLANG_ANALYZER_NONNULL = YES;
				CLANG_ANALYZER_NUMBER_OBJECT_CONVERSION = YES_AGGRESSIVE;
				CLANG_CXX_LANGUAGE_STANDARD = "gnu++14";
				CLANG_CXX_LIBRARY = "libc++";
				CLANG_ENABLE_MODULES = YES;
				CLANG_ENABLE_OBJC_ARC = YES;
				CLANG_ENABLE_OBJC_WEAK = YES;
				CLANG_WARN_BLOCK_CAPTURE_AUTORELEASING = YES;
				CLANG_WARN_BOOL_CONVERSION = YES;
				CLANG_WARN_COMMA = YES;
				CLANG_WARN_CONSTANT_CONVERSION = YES;
				CLANG_WARN_DEPRECATED_OBJC_IMPLEMENTATIONS = YES;
				CLANG_WARN_DIRECT_OBJC_ISA_USAGE = YES_ERROR;
				CLANG_WARN_DOCUMENTATION_COMMENTS = YES;
				CLANG_WARN_EMPTY_BODY = YES;
				CLANG_WARN_ENUM_CONVERSION = YES;
				CLANG_WARN_INFINITE_RECURSION = YES;
				CLANG_WARN_INT_CONVERSION = YES;
				CLANG_WARN_NON_LITERAL_NULL_CONVERSION = YES;
				CLANG_WARN_OBJC_IMPLICIT_RETAIN_SELF = YES;
				CLANG_WARN_OBJC_LITERAL_CONVERSION = YES;
				CLANG_WARN_OBJC_ROOT_CLASS = YES_ERROR;
				CLANG_WARN_RANGE_LOOP_ANALYSIS = YES;
				CLANG_WARN_STRICT_PROTOTYPES = YES;
				CLANG_WARN_SUSPICIOUS_MOVE = YES;
				CLANG_WARN_UNGUARDED_AVAILABILITY = YES_AGGRESSIVE;
				CLANG_WARN_UNREACHABLE_CODE = YES;
				CLANG_WARN__DUPLICATE_METHOD_MATCH = YES;
				CODE_SIGN_IDENTITY = "iPhone Developer";
				COPY_PHASE_STRIP = NO;
				DEBUG_INFORMATION_FORMAT = dwarf;
				ENABLE_STRICT_OBJC_MSGSEND = YES;
				ENABLE_TESTABILITY = YES;
				GCC_C_LANGUAGE_STANDARD = gnu11;
				GCC_DYNAMIC_NO_PIC = NO;
				GCC_NO_COMMON_BLOCKS = YES;
				GCC_OPTIMIZATION_LEVEL = 0;
				GCC_PREPROCESSOR_DEFINITIONS = (
					"DEBUG=1",
					"$(inherited)",
				);
				GCC_WARN_64_TO_32_BIT_CONVERSION = YES;
				GCC_WARN_ABOUT_RETURN_TYPE = YES_ERROR;
				GCC_WARN_UNDECLARED_SELECTOR = YES;
				GCC_WARN_UNINITIALIZED_AUTOS = YES_AGGRESSIVE;
				GCC_WARN_UNUSED_FUNCTION = YES;
				GCC_WARN_UNUSED_VARIABLE = YES;
				IPHONEOS_DEPLOYMENT_TARGET = 11.4;
				MTL_ENABLE_DEBUG_INFO = YES;
				ONLY_ACTIVE_ARCH = YES;
				SDKROOT = iphoneos;
				SWIFT_ACTIVE_COMPILATION_CONDITIONS = DEBUG;
				SWIFT_OPTIMIZATION_LEVEL = "-Onone";
			};
			name = Debug;
		};
		768D5BD52101F02200B89BBF /* Release */ = {
			isa = XCBuildConfiguration;
			buildSettings = {
				ALWAYS_SEARCH_USER_PATHS = NO;
				CLANG_ANALYZER_NONNULL = YES;
				CLANG_ANALYZER_NUMBER_OBJECT_CONVERSION = YES_AGGRESSIVE;
				CLANG_CXX_LANGUAGE_STANDARD = "gnu++14";
				CLANG_CXX_LIBRARY = "libc++";
				CLANG_ENABLE_MODULES = YES;
				CLANG_ENABLE_OBJC_ARC = YES;
				CLANG_ENABLE_OBJC_WEAK = YES;
				CLANG_WARN_BLOCK_CAPTURE_AUTORELEASING = YES;
				CLANG_WARN_BOOL_CONVERSION = YES;
				CLANG_WARN_COMMA = YES;
				CLANG_WARN_CONSTANT_CONVERSION = YES;
				CLANG_WARN_DEPRECATED_OBJC_IMPLEMENTATIONS = YES;
				CLANG_WARN_DIRECT_OBJC_ISA_USAGE = YES_ERROR;
				CLANG_WARN_DOCUMENTATION_COMMENTS = YES;
				CLANG_WARN_EMPTY_BODY = YES;
				CLANG_WARN_ENUM_CONVERSION = YES;
				CLANG_WARN_INFINITE_RECURSION = YES;
				CLANG_WARN_INT_CONVERSION = YES;
				CLANG_WARN_NON_LITERAL_NULL_CONVERSION = YES;
				CLANG_WARN_OBJC_IMPLICIT_RETAIN_SELF = YES;
				CLANG_WARN_OBJC_LITERAL_CONVERSION = YES;
				CLANG_WARN_OBJC_ROOT_CLASS = YES_ERROR;
				CLANG_WARN_RANGE_LOOP_ANALYSIS = YES;
				CLANG_WARN_STRICT_PROTOTYPES = YES;
				CLANG_WARN_SUSPICIOUS_MOVE = YES;
				CLANG_WARN_UNGUARDED_AVAILABILITY = YES_AGGRESSIVE;
				CLANG_WARN_UNREACHABLE_CODE = YES;
				CLANG_WARN__DUPLICATE_METHOD_MATCH = YES;
				CODE_SIGN_IDENTITY = "iPhone Developer";
				COPY_PHASE_STRIP = NO;
				DEBUG_INFORMATION_FORMAT = "dwarf-with-dsym";
				ENABLE_NS_ASSERTIONS = NO;
				ENABLE_STRICT_OBJC_MSGSEND = YES;
				GCC_C_LANGUAGE_STANDARD = gnu11;
				GCC_NO_COMMON_BLOCKS = YES;
				GCC_WARN_64_TO_32_BIT_CONVERSION = YES;
				GCC_WARN_ABOUT_RETURN_TYPE = YES_ERROR;
				GCC_WARN_UNDECLARED_SELECTOR = YES;
				GCC_WARN_UNINITIALIZED_AUTOS = YES_AGGRESSIVE;
				GCC_WARN_UNUSED_FUNCTION = YES;
				GCC_WARN_UNUSED_VARIABLE = YES;
				IPHONEOS_DEPLOYMENT_TARGET = 11.4;
				MTL_ENABLE_DEBUG_INFO = NO;
				SDKROOT = iphoneos;
				SWIFT_COMPILATION_MODE = wholemodule;
				SWIFT_OPTIMIZATION_LEVEL = "-O";
				VALIDATE_PRODUCT = YES;
			};
			name = Release;
		};
		768D5BD72101F02200B89BBF /* Debug */ = {
			isa = XCBuildConfiguration;
			baseConfigurationReference = 4EC441363DEC8B522E8BA96A /* Pods-smack-app.debug.xcconfig */;
			buildSettings = {
				ASSETCATALOG_COMPILER_APPICON_NAME = AppIcon;
				CLANG_ENABLE_MODULES = YES;
				CODE_SIGN_STYLE = Automatic;
				DEVELOPMENT_TEAM = JTGYX74X92;
				INFOPLIST_FILE = "smack-app/Info.plist";
				LD_RUNPATH_SEARCH_PATHS = (
					"$(inherited)",
					"@executable_path/Frameworks",
				);
				PRODUCT_BUNDLE_IDENTIFIER = "com.practice.smack-app";
				PRODUCT_NAME = "$(TARGET_NAME)";
				SWIFT_OBJC_BRIDGING_HEADER = "smack-app/Supporting Files/smack-app-Bridging-Header.h";
				SWIFT_OPTIMIZATION_LEVEL = "-Onone";
				SWIFT_VERSION = 4.0;
				TARGETED_DEVICE_FAMILY = "1,2";
			};
			name = Debug;
		};
		768D5BD82101F02200B89BBF /* Release */ = {
			isa = XCBuildConfiguration;
			baseConfigurationReference = 40456E2D45B2E6FBD18CA7B1 /* Pods-smack-app.release.xcconfig */;
			buildSettings = {
				ASSETCATALOG_COMPILER_APPICON_NAME = AppIcon;
				CLANG_ENABLE_MODULES = YES;
				CODE_SIGN_STYLE = Automatic;
				DEVELOPMENT_TEAM = JTGYX74X92;
				INFOPLIST_FILE = "smack-app/Info.plist";
				LD_RUNPATH_SEARCH_PATHS = (
					"$(inherited)",
					"@executable_path/Frameworks",
				);
				PRODUCT_BUNDLE_IDENTIFIER = "com.practice.smack-app";
				PRODUCT_NAME = "$(TARGET_NAME)";
				SWIFT_OBJC_BRIDGING_HEADER = "smack-app/Supporting Files/smack-app-Bridging-Header.h";
				SWIFT_VERSION = 4.0;
				TARGETED_DEVICE_FAMILY = "1,2";
			};
			name = Release;
		};
		768D5BDA2101F02200B89BBF /* Debug */ = {
			isa = XCBuildConfiguration;
			baseConfigurationReference = EBF81FBD20384ECAB6A62D15 /* Pods-smack-appTests.debug.xcconfig */;
			buildSettings = {
				ALWAYS_EMBED_SWIFT_STANDARD_LIBRARIES = YES;
				BUNDLE_LOADER = "$(TEST_HOST)";
				CODE_SIGN_STYLE = Automatic;
				DEVELOPMENT_TEAM = JTGYX74X92;
				INFOPLIST_FILE = "smack-appTests/Info.plist";
				LD_RUNPATH_SEARCH_PATHS = (
					"$(inherited)",
					"@executable_path/Frameworks",
					"@loader_path/Frameworks",
				);
				PRODUCT_BUNDLE_IDENTIFIER = "com.practice.smack-appTests";
				PRODUCT_NAME = "$(TARGET_NAME)";
				SWIFT_VERSION = 4.0;
				TARGETED_DEVICE_FAMILY = "1,2";
				TEST_HOST = "$(BUILT_PRODUCTS_DIR)/smack-app.app/smack-app";
			};
			name = Debug;
		};
		768D5BDB2101F02200B89BBF /* Release */ = {
			isa = XCBuildConfiguration;
			baseConfigurationReference = E33DFCBB50CF39CADC152D8D /* Pods-smack-appTests.release.xcconfig */;
			buildSettings = {
				ALWAYS_EMBED_SWIFT_STANDARD_LIBRARIES = YES;
				BUNDLE_LOADER = "$(TEST_HOST)";
				CODE_SIGN_STYLE = Automatic;
				DEVELOPMENT_TEAM = JTGYX74X92;
				INFOPLIST_FILE = "smack-appTests/Info.plist";
				LD_RUNPATH_SEARCH_PATHS = (
					"$(inherited)",
					"@executable_path/Frameworks",
					"@loader_path/Frameworks",
				);
				PRODUCT_BUNDLE_IDENTIFIER = "com.practice.smack-appTests";
				PRODUCT_NAME = "$(TARGET_NAME)";
				SWIFT_VERSION = 4.0;
				TARGETED_DEVICE_FAMILY = "1,2";
				TEST_HOST = "$(BUILT_PRODUCTS_DIR)/smack-app.app/smack-app";
			};
			name = Release;
		};
		768D5BDD2101F02200B89BBF /* Debug */ = {
			isa = XCBuildConfiguration;
			baseConfigurationReference = 4C5BC982A19DBA8A8B7115DF /* Pods-smack-appUITests.debug.xcconfig */;
			buildSettings = {
				ALWAYS_EMBED_SWIFT_STANDARD_LIBRARIES = YES;
				CODE_SIGN_STYLE = Automatic;
				DEVELOPMENT_TEAM = JTGYX74X92;
				INFOPLIST_FILE = "smack-appUITests/Info.plist";
				LD_RUNPATH_SEARCH_PATHS = (
					"$(inherited)",
					"@executable_path/Frameworks",
					"@loader_path/Frameworks",
				);
				PRODUCT_BUNDLE_IDENTIFIER = "com.practice.smack-appUITests";
				PRODUCT_NAME = "$(TARGET_NAME)";
				SWIFT_VERSION = 4.0;
				TARGETED_DEVICE_FAMILY = "1,2";
				TEST_TARGET_NAME = "smack-app";
			};
			name = Debug;
		};
		768D5BDE2101F02200B89BBF /* Release */ = {
			isa = XCBuildConfiguration;
			baseConfigurationReference = E5E8E84D488C6F5D83B264BF /* Pods-smack-appUITests.release.xcconfig */;
			buildSettings = {
				ALWAYS_EMBED_SWIFT_STANDARD_LIBRARIES = YES;
				CODE_SIGN_STYLE = Automatic;
				DEVELOPMENT_TEAM = JTGYX74X92;
				INFOPLIST_FILE = "smack-appUITests/Info.plist";
				LD_RUNPATH_SEARCH_PATHS = (
					"$(inherited)",
					"@executable_path/Frameworks",
					"@loader_path/Frameworks",
				);
				PRODUCT_BUNDLE_IDENTIFIER = "com.practice.smack-appUITests";
				PRODUCT_NAME = "$(TARGET_NAME)";
				SWIFT_VERSION = 4.0;
				TARGETED_DEVICE_FAMILY = "1,2";
				TEST_TARGET_NAME = "smack-app";
			};
			name = Release;
		};
/* End XCBuildConfiguration section */

/* Begin XCConfigurationList section */
		768D5BA92101F02100B89BBF /* Build configuration list for PBXProject "smack-app" */ = {
			isa = XCConfigurationList;
			buildConfigurations = (
				768D5BD42101F02200B89BBF /* Debug */,
				768D5BD52101F02200B89BBF /* Release */,
			);
			defaultConfigurationIsVisible = 0;
			defaultConfigurationName = Release;
		};
		768D5BD62101F02200B89BBF /* Build configuration list for PBXNativeTarget "smack-app" */ = {
			isa = XCConfigurationList;
			buildConfigurations = (
				768D5BD72101F02200B89BBF /* Debug */,
				768D5BD82101F02200B89BBF /* Release */,
			);
			defaultConfigurationIsVisible = 0;
			defaultConfigurationName = Release;
		};
		768D5BD92101F02200B89BBF /* Build configuration list for PBXNativeTarget "smack-appTests" */ = {
			isa = XCConfigurationList;
			buildConfigurations = (
				768D5BDA2101F02200B89BBF /* Debug */,
				768D5BDB2101F02200B89BBF /* Release */,
			);
			defaultConfigurationIsVisible = 0;
			defaultConfigurationName = Release;
		};
		768D5BDC2101F02200B89BBF /* Build configuration list for PBXNativeTarget "smack-appUITests" */ = {
			isa = XCConfigurationList;
			buildConfigurations = (
				768D5BDD2101F02200B89BBF /* Debug */,
				768D5BDE2101F02200B89BBF /* Release */,
			);
			defaultConfigurationIsVisible = 0;
			defaultConfigurationName = Release;
		};
/* End XCConfigurationList section */
	};
	rootObject = 768D5BA62101F02100B89BBF /* Project object */;
}
